<?xml version="1.0" encoding="utf-8"?>
<Project ToolsVersion="4.0" xmlns="http://schemas.microsoft.com/developer/msbuild/2003">
  <ItemGroup>
    <Filter Include="공용">
      <UniqueIdentifier>3c8fc0d5-8eef-433f-a101-db519c67f432</UniqueIdentifier>
    </Filter>
    <Filter Include="자산">
      <UniqueIdentifier>3956f893-f906-4a6b-acbd-180db9a859d7</UniqueIdentifier>
      <Extensions>bmp;fbx;gif;jpg;jpeg;tga;tiff;tif;png</Extensions>
    </Filter>
    <Filter Include="내용">
      <UniqueIdentifier>160259fe-f082-441e-ab14-a2cea2274a44</UniqueIdentifier>
    </Filter>
    <ClInclude Include="Common\d3dx12.h">
      <Filter>공용</Filter>
    </ClInclude>
    <ClInclude Include="Common\DirectXHelper.h">
      <Filter>공용</Filter>
    </ClInclude>
    <ClInclude Include="Common\StepTimer.h">
      <Filter>공용</Filter>
    </ClInclude>
    <ClInclude Include="Common\DeviceResources.h">
      <Filter>공용</Filter>
    </ClInclude>
    <ClCompile Include="Common\DeviceResources.cpp">
      <Filter>공용</Filter>
    </ClCompile>
    <ClInclude Include="Content\ShaderStructures.h">
      <Filter>내용</Filter>
    </ClInclude>
    <FxCompile Include="Content\SamplePixelShader.hlsl">
      <Filter>내용</Filter>
    </FxCompile>
    <FxCompile Include="Content\SampleVertexShader.hlsl">
      <Filter>내용</Filter>
    </FxCompile>
    <Image Include="Assets\LockScreenLogo.scale-200.png">
      <Filter>자산</Filter>
    </Image>
    <Image Include="Assets\SplashScreen.scale-200.png">
      <Filter>자산</Filter>
    </Image>
    <Image Include="Assets\Square150x150Logo.scale-200.png">
      <Filter>자산</Filter>
    </Image>
    <Image Include="Assets\Square44x44Logo.scale-200.png">
      <Filter>자산</Filter>
    </Image>
    <Image Include="Assets\Square44x44Logo.targetsize-24_altform-unplated.png">
      <Filter>자산</Filter>
    </Image>
    <Image Include="Assets\StoreLogo.png">
      <Filter>자산</Filter>
    </Image>
    <Image Include="Assets\Wide310x150Logo.scale-200.png">
      <Filter>자산</Filter>
    </Image>
    <Filter Include="Header Files">
      <UniqueIdentifier>{f63fc7b3-da42-439b-8536-3994089210d7}</UniqueIdentifier>
    </Filter>
    <Filter Include="Source Files">
      <UniqueIdentifier>{a18f7d35-0059-45e0-9b64-ddabd7c52a29}</UniqueIdentifier>
    </Filter>
  </ItemGroup>
  <ItemGroup>
    <ClCompile Include="pch.cpp" />
    <ClCompile Include="App.cpp">
      <Filter>Source Files</Filter>
    </ClCompile>
    <ClCompile Include="Device.cpp">
      <Filter>Source Files</Filter>
    </ClCompile>
  </ItemGroup>
  <ItemGroup>
    <ClInclude Include="pch.h" />
    <ClInclude Include="App.h">
      <Filter>Header Files</Filter>
    </ClInclude>
    <ClInclude Include="Device.h">
      <Filter>Header Files</Filter>
    </ClInclude>
  </ItemGroup>
  <ItemGroup>
    <AppxManifest Include="Package.appxmanifest" />
  </ItemGroup>
  <ItemGroup>
    <None Include="CreateDevice_TemporaryKey.pfx" />
  </ItemGroup>
</Project>