
Microsoft Visual Studio Solution File, Format Version 12.00
# Visual Studio 14
VisualStudioVersion = 14.0.25420.1
MinimumVisualStudioVersion = 10.0.40219.1
Project("{8BC9CEB8-8B4A-11D0-8D11-00A0C91BC942}") = "01.CreateWindow", "CreateWindow\CreateWindow.vcxproj", "{79A1FB8C-7829-42CB-B3E0-8C3A9EA68EFC}"
EndProject
Project("{8BC9CEB8-8B4A-11D0-8D11-00A0C91BC942}") = "00.DirectX12Template", "DirectX12Template\DirectX12Template.vcxproj", "{A7B63323-E08C-45D2-A307-6FECAD98E367}"
EndProject
Project("{8BC9CEB8-8B4A-11D0-8D11-00A0C91BC942}") = "02.CreateDevice", "CreateDevice\CreateDevice.vcxproj", "{3C8FC0D5-8EEF-433F-A101-DB519C67F432}"
EndProject
Project("{8BC9CEB8-8B4A-11D0-8D11-00A0C91BC942}") = "03.DrawingTriangle", "DrawingTriangle\DrawingTriangle.vcxproj", "{53C1D67D-2952-405A-87A3-032D8D6AECAC}"
EndProject
Global
	GlobalSection(SolutionConfigurationPlatforms) = preSolution
		Debug|ARM = Debug|ARM
		Debug|x64 = Debug|x64
		Debug|x86 = Debug|x86
		Release|ARM = Release|ARM
		Release|x64 = Release|x64
		Release|x86 = Release|x86
	EndGlobalSection
	GlobalSection(ProjectConfigurationPlatforms) = postSolution
		{79A1FB8C-7829-42CB-B3E0-8C3A9EA68EFC}.Debug|ARM.ActiveCfg = Debug|ARM
		{79A1FB8C-7829-42CB-B3E0-8C3A9EA68EFC}.Debug|ARM.Build.0 = Debug|ARM
		{79A1FB8C-7829-42CB-B3E0-8C3A9EA68EFC}.Debug|ARM.Deploy.0 = Debug|ARM
		{79A1FB8C-7829-42CB-B3E0-8C3A9EA68EFC}.Debug|x64.ActiveCfg = Debug|x64
		{79A1FB8C-7829-42CB-B3E0-8C3A9EA68EFC}.Debug|x64.Build.0 = Debug|x64
		{79A1FB8C-7829-42CB-B3E0-8C3A9EA68EFC}.Debug|x64.Deploy.0 = Debug|x64
		{79A1FB8C-7829-42CB-B3E0-8C3A9EA68EFC}.Debug|x86.ActiveCfg = Debug|Win32
		{79A1FB8C-7829-42CB-B3E0-8C3A9EA68EFC}.Debug|x86.Build.0 = Debug|Win32
		{79A1FB8C-7829-42CB-B3E0-8C3A9EA68EFC}.Debug|x86.Deploy.0 = Debug|Win32
		{79A1FB8C-7829-42CB-B3E0-8C3A9EA68EFC}.Release|ARM.ActiveCfg = Release|ARM
		{79A1FB8C-7829-42CB-B3E0-8C3A9EA68EFC}.Release|ARM.Build.0 = Release|ARM
		{79A1FB8C-7829-42CB-B3E0-8C3A9EA68EFC}.Release|ARM.Deploy.0 = Release|ARM
		{79A1FB8C-7829-42CB-B3E0-8C3A9EA68EFC}.Release|x64.ActiveCfg = Release|x64
		{79A1FB8C-7829-42CB-B3E0-8C3A9EA68EFC}.Release|x64.Build.0 = Release|x64
		{79A1FB8C-7829-42CB-B3E0-8C3A9EA68EFC}.Release|x64.Deploy.0 = Release|x64
		{79A1FB8C-7829-42CB-B3E0-8C3A9EA68EFC}.Release|x86.ActiveCfg = Release|Win32
		{79A1FB8C-7829-42CB-B3E0-8C3A9EA68EFC}.Release|x86.Build.0 = Release|Win32
		{79A1FB8C-7829-42CB-B3E0-8C3A9EA68EFC}.Release|x86.Deploy.0 = Release|Win32
		{A7B63323-E08C-45D2-A307-6FECAD98E367}.Debug|ARM.ActiveCfg = Debug|ARM
		{A7B63323-E08C-45D2-A307-6FECAD98E367}.Debug|ARM.Build.0 = Debug|ARM
		{A7B63323-E08C-45D2-A307-6FECAD98E367}.Debug|ARM.Deploy.0 = Debug|ARM
		{A7B63323-E08C-45D2-A307-6FECAD98E367}.Debug|x64.ActiveCfg = Debug|x64
		{A7B63323-E08C-45D2-A307-6FECAD98E367}.Debug|x64.Build.0 = Debug|x64
		{A7B63323-E08C-45D2-A307-6FECAD98E367}.Debug|x64.Deploy.0 = Debug|x64
		{A7B63323-E08C-45D2-A307-6FECAD98E367}.Debug|x86.ActiveCfg = Debug|Win32
		{A7B63323-E08C-45D2-A307-6FECAD98E367}.Debug|x86.Build.0 = Debug|Win32
		{A7B63323-E08C-45D2-A307-6FECAD98E367}.Debug|x86.Deploy.0 = Debug|Win32
		{A7B63323-E08C-45D2-A307-6FECAD98E367}.Release|ARM.ActiveCfg = Release|ARM
		{A7B63323-E08C-45D2-A307-6FECAD98E367}.Release|ARM.Build.0 = Release|ARM
		{A7B63323-E08C-45D2-A307-6FECAD98E367}.Release|ARM.Deploy.0 = Release|ARM
		{A7B63323-E08C-45D2-A307-6FECAD98E367}.Release|x64.ActiveCfg = Release|x64
		{A7B63323-E08C-45D2-A307-6FECAD98E367}.Release|x64.Build.0 = Release|x64
		{A7B63323-E08C-45D2-A307-6FECAD98E367}.Release|x64.Deploy.0 = Release|x64
		{A7B63323-E08C-45D2-A307-6FECAD98E367}.Release|x86.ActiveCfg = Release|Win32
		{A7B63323-E08C-45D2-A307-6FECAD98E367}.Release|x86.Build.0 = Release|Win32
		{A7B63323-E08C-45D2-A307-6FECAD98E367}.Release|x86.Deploy.0 = Release|Win32
		{3C8FC0D5-8EEF-433F-A101-DB519C67F432}.Debug|ARM.ActiveCfg = Debug|ARM
		{3C8FC0D5-8EEF-433F-A101-DB519C67F432}.Debug|ARM.Build.0 = Debug|ARM
		{3C8FC0D5-8EEF-433F-A101-DB519C67F432}.Debug|ARM.Deploy.0 = Debug|ARM
		{3C8FC0D5-8EEF-433F-A101-DB519C67F432}.Debug|x64.ActiveCfg = Debug|x64
		{3C8FC0D5-8EEF-433F-A101-DB519C67F432}.Debug|x64.Build.0 = Debug|x64
		{3C8FC0D5-8EEF-433F-A101-DB519C67F432}.Debug|x64.Deploy.0 = Debug|x64
		{3C8FC0D5-8EEF-433F-A101-DB519C67F432}.Debug|x86.ActiveCfg = Debug|Win32
		{3C8FC0D5-8EEF-433F-A101-DB519C67F432}.Debug|x86.Build.0 = Debug|Win32
		{3C8FC0D5-8EEF-433F-A101-DB519C67F432}.Debug|x86.Deploy.0 = Debug|Win32
		{3C8FC0D5-8EEF-433F-A101-DB519C67F432}.Release|ARM.ActiveCfg = Release|ARM
		{3C8FC0D5-8EEF-433F-A101-DB519C67F432}.Release|ARM.Build.0 = Release|ARM
		{3C8FC0D5-8EEF-433F-A101-DB519C67F432}.Release|ARM.Deploy.0 = Release|ARM
		{3C8FC0D5-8EEF-433F-A101-DB519C67F432}.Release|x64.ActiveCfg = Release|x64
		{3C8FC0D5-8EEF-433F-A101-DB519C67F432}.Release|x64.Build.0 = Release|x64
		{3C8FC0D5-8EEF-433F-A101-DB519C67F432}.Release|x64.Deploy.0 = Release|x64
		{3C8FC0D5-8EEF-433F-A101-DB519C67F432}.Release|x86.ActiveCfg = Release|Win32
		{3C8FC0D5-8EEF-433F-A101-DB519C67F432}.Release|x86.Build.0 = Release|Win32
		{3C8FC0D5-8EEF-433F-A101-DB519C67F432}.Release|x86.Deploy.0 = Release|Win32
		{53C1D67D-2952-405A-87A3-032D8D6AECAC}.Debug|ARM.ActiveCfg = Debug|ARM
		{53C1D67D-2952-405A-87A3-032D8D6AECAC}.Debug|ARM.Build.0 = Debug|ARM
		{53C1D67D-2952-405A-87A3-032D8D6AECAC}.Debug|ARM.Deploy.0 = Debug|ARM
		{53C1D67D-2952-405A-87A3-032D8D6AECAC}.Debug|x64.ActiveCfg = Debug|x64
		{53C1D67D-2952-405A-87A3-032D8D6AECAC}.Debug|x64.Build.0 = Debug|x64
		{53C1D67D-2952-405A-87A3-032D8D6AECAC}.Debug|x64.Deploy.0 = Debug|x64
		{53C1D67D-2952-405A-87A3-032D8D6AECAC}.Debug|x86.ActiveCfg = Debug|Win32
		{53C1D67D-2952-405A-87A3-032D8D6AECAC}.Debug|x86.Build.0 = Debug|Win32
		{53C1D67D-2952-405A-87A3-032D8D6AECAC}.Debug|x86.Deploy.0 = Debug|Win32
		{53C1D67D-2952-405A-87A3-032D8D6AECAC}.Release|ARM.ActiveCfg = Release|ARM
		{53C1D67D-2952-405A-87A3-032D8D6AECAC}.Release|ARM.Build.0 = Release|ARM
		{53C1D67D-2952-405A-87A3-032D8D6AECAC}.Release|ARM.Deploy.0 = Release|ARM
		{53C1D67D-2952-405A-87A3-032D8D6AECAC}.Release|x64.ActiveCfg = Release|x64
		{53C1D67D-2952-405A-87A3-032D8D6AECAC}.Release|x64.Build.0 = Release|x64
		{53C1D67D-2952-405A-87A3-032D8D6AECAC}.Release|x64.Deploy.0 = Release|x64
		{53C1D67D-2952-405A-87A3-032D8D6AECAC}.Release|x86.ActiveCfg = Release|Win32
		{53C1D67D-2952-405A-87A3-032D8D6AECAC}.Release|x86.Build.0 = Release|Win32
		{53C1D67D-2952-405A-87A3-032D8D6AECAC}.Release|x86.Deploy.0 = Release|Win32
	EndGlobalSection
	GlobalSection(SolutionProperties) = preSolution
		HideSolutionNode = FALSE
	EndGlobalSection
EndGlobal
