
Microsoft Visual Studio Solution File, Format Version 12.00
# Visual Studio 14
VisualStudioVersion = 14.0.25420.1
MinimumVisualStudioVersion = 10.0.40219.1
Project("{8BC9CEB8-8B4A-11D0-8D11-00A0C91BC942}") = "01.CreateWindow", "CreateWindow\CreateWindow.vcxproj", "{79A1FB8C-7829-42CB-B3E0-8C3A9EA68EFC}"
EndProject
Project("{8BC9CEB8-8B4A-11D0-8D11-00A0C91BC942}") = "00.DirectX12Template", "DirectX12Template\DirectX12Template.vcxproj", "{A7B63323-E08C-45D2-A307-6FECAD98E367}"
EndProject
Project("{8BC9CEB8-8B4A-11D0-8D11-00A0C91BC942}") = "02.CreateDevice", "CreateDevice\CreateDevice.vcxproj", "{3C8FC0D5-8EEF-433F-A101-DB519C67F432}"
EndProject
Project("{8BC9CEB8-8B4A-11D0-8D11-00A0C91BC942}") = "03.DrawingTriangle", "DrawingTriangle\DrawingTriangle.vcxproj", "{53C1D67D-2952-405A-87A3-032D8D6AECAC}"
EndProject
Project("{8BC9CEB8-8B4A-11D0-8D11-00A0C91BC942}") = "04.DrawingCube", "DrawingCube\DrawingCube.vcxproj", "{21D65906-6BF3-42AF-9DB3-8AF83034BBBD}"
EndProject
Project("{8BC9CEB8-8B4A-11D0-8D11-00A0C91BC942}") = "05.UsingBundles", "UsingBundles\UsingBundles.vcxproj", "{DF0DBAF0-BB6F-4F7C-8C36-8712732DC0FE}"
EndProject
Project("{8BC9CEB8-8B4A-11D0-8D11-00A0C91BC942}") = "06.UsingConstBuffers", "UsingConstBuffers\UsingConstBuffers.vcxproj", "{9647DC68-A45E-46B9-8D7F-6ACBCD736603}"
EndProject
Project("{8BC9CEB8-8B4A-11D0-8D11-00A0C91BC942}") = "07.UsingFrameBuffering", "UsingFrameBuffering\UsingFrameBuffering.vcxproj", "{E1A0B4EE-4523-49C6-AA5C-B98C1D9732FD}"
EndProject
Project("{8BC9CEB8-8B4A-11D0-8D11-00A0C91BC942}") = "08.AddingTextures", "AddingTextures\AddingTextures.vcxproj", "{8FB4442D-A612-42BD-926A-D675508E47BA}"
EndProject
Global
	GlobalSection(SolutionConfigurationPlatforms) = preSolution
		Debug|Any CPU = Debug|Any CPU
		Debug|ARM = Debug|ARM
		Debug|x64 = Debug|x64
		Debug|x86 = Debug|x86
		Release|Any CPU = Release|Any CPU
		Release|ARM = Release|ARM
		Release|x64 = Release|x64
		Release|x86 = Release|x86
	EndGlobalSection
	GlobalSection(ProjectConfigurationPlatforms) = postSolution
		{79A1FB8C-7829-42CB-B3E0-8C3A9EA68EFC}.Debug|Any CPU.ActiveCfg = Debug|Win32
		{79A1FB8C-7829-42CB-B3E0-8C3A9EA68EFC}.Debug|ARM.ActiveCfg = Debug|ARM
		{79A1FB8C-7829-42CB-B3E0-8C3A9EA68EFC}.Debug|ARM.Build.0 = Debug|ARM
		{79A1FB8C-7829-42CB-B3E0-8C3A9EA68EFC}.Debug|ARM.Deploy.0 = Debug|ARM
		{79A1FB8C-7829-42CB-B3E0-8C3A9EA68EFC}.Debug|x64.ActiveCfg = Debug|x64
		{79A1FB8C-7829-42CB-B3E0-8C3A9EA68EFC}.Debug|x64.Build.0 = Debug|x64
		{79A1FB8C-7829-42CB-B3E0-8C3A9EA68EFC}.Debug|x64.Deploy.0 = Debug|x64
		{79A1FB8C-7829-42CB-B3E0-8C3A9EA68EFC}.Debug|x86.ActiveCfg = Debug|Win32
		{79A1FB8C-7829-42CB-B3E0-8C3A9EA68EFC}.Debug|x86.Build.0 = Debug|Win32
		{79A1FB8C-7829-42CB-B3E0-8C3A9EA68EFC}.Debug|x86.Deploy.0 = Debug|Win32
		{79A1FB8C-7829-42CB-B3E0-8C3A9EA68EFC}.Release|Any CPU.ActiveCfg = Release|Win32
		{79A1FB8C-7829-42CB-B3E0-8C3A9EA68EFC}.Release|ARM.ActiveCfg = Release|ARM
		{79A1FB8C-7829-42CB-B3E0-8C3A9EA68EFC}.Release|ARM.Build.0 = Release|ARM
		{79A1FB8C-7829-42CB-B3E0-8C3A9EA68EFC}.Release|ARM.Deploy.0 = Release|ARM
		{79A1FB8C-7829-42CB-B3E0-8C3A9EA68EFC}.Release|x64.ActiveCfg = Release|x64
		{79A1FB8C-7829-42CB-B3E0-8C3A9EA68EFC}.Release|x64.Build.0 = Release|x64
		{79A1FB8C-7829-42CB-B3E0-8C3A9EA68EFC}.Release|x64.Deploy.0 = Release|x64
		{79A1FB8C-7829-42CB-B3E0-8C3A9EA68EFC}.Release|x86.ActiveCfg = Release|Win32
		{79A1FB8C-7829-42CB-B3E0-8C3A9EA68EFC}.Release|x86.Build.0 = Release|Win32
		{79A1FB8C-7829-42CB-B3E0-8C3A9EA68EFC}.Release|x86.Deploy.0 = Release|Win32
		{A7B63323-E08C-45D2-A307-6FECAD98E367}.Debug|Any CPU.ActiveCfg = Debug|Win32
		{A7B63323-E08C-45D2-A307-6FECAD98E367}.Debug|ARM.ActiveCfg = Debug|ARM
		{A7B63323-E08C-45D2-A307-6FECAD98E367}.Debug|ARM.Build.0 = Debug|ARM
		{A7B63323-E08C-45D2-A307-6FECAD98E367}.Debug|ARM.Deploy.0 = Debug|ARM
		{A7B63323-E08C-45D2-A307-6FECAD98E367}.Debug|x64.ActiveCfg = Debug|x64
		{A7B63323-E08C-45D2-A307-6FECAD98E367}.Debug|x64.Build.0 = Debug|x64
		{A7B63323-E08C-45D2-A307-6FECAD98E367}.Debug|x64.Deploy.0 = Debug|x64
		{A7B63323-E08C-45D2-A307-6FECAD98E367}.Debug|x86.ActiveCfg = Debug|Win32
		{A7B63323-E08C-45D2-A307-6FECAD98E367}.Debug|x86.Build.0 = Debug|Win32
		{A7B63323-E08C-45D2-A307-6FECAD98E367}.Debug|x86.Deploy.0 = Debug|Win32
		{A7B63323-E08C-45D2-A307-6FECAD98E367}.Release|Any CPU.ActiveCfg = Release|Win32
		{A7B63323-E08C-45D2-A307-6FECAD98E367}.Release|ARM.ActiveCfg = Release|ARM
		{A7B63323-E08C-45D2-A307-6FECAD98E367}.Release|ARM.Build.0 = Release|ARM
		{A7B63323-E08C-45D2-A307-6FECAD98E367}.Release|ARM.Deploy.0 = Release|ARM
		{A7B63323-E08C-45D2-A307-6FECAD98E367}.Release|x64.ActiveCfg = Release|x64
		{A7B63323-E08C-45D2-A307-6FECAD98E367}.Release|x64.Build.0 = Release|x64
		{A7B63323-E08C-45D2-A307-6FECAD98E367}.Release|x64.Deploy.0 = Release|x64
		{A7B63323-E08C-45D2-A307-6FECAD98E367}.Release|x86.ActiveCfg = Release|Win32
		{A7B63323-E08C-45D2-A307-6FECAD98E367}.Release|x86.Build.0 = Release|Win32
		{A7B63323-E08C-45D2-A307-6FECAD98E367}.Release|x86.Deploy.0 = Release|Win32
		{3C8FC0D5-8EEF-433F-A101-DB519C67F432}.Debug|Any CPU.ActiveCfg = Debug|Win32
		{3C8FC0D5-8EEF-433F-A101-DB519C67F432}.Debug|ARM.ActiveCfg = Debug|ARM
		{3C8FC0D5-8EEF-433F-A101-DB519C67F432}.Debug|ARM.Build.0 = Debug|ARM
		{3C8FC0D5-8EEF-433F-A101-DB519C67F432}.Debug|ARM.Deploy.0 = Debug|ARM
		{3C8FC0D5-8EEF-433F-A101-DB519C67F432}.Debug|x64.ActiveCfg = Debug|x64
		{3C8FC0D5-8EEF-433F-A101-DB519C67F432}.Debug|x64.Build.0 = Debug|x64
		{3C8FC0D5-8EEF-433F-A101-DB519C67F432}.Debug|x64.Deploy.0 = Debug|x64
		{3C8FC0D5-8EEF-433F-A101-DB519C67F432}.Debug|x86.ActiveCfg = Debug|Win32
		{3C8FC0D5-8EEF-433F-A101-DB519C67F432}.Debug|x86.Build.0 = Debug|Win32
		{3C8FC0D5-8EEF-433F-A101-DB519C67F432}.Debug|x86.Deploy.0 = Debug|Win32
		{3C8FC0D5-8EEF-433F-A101-DB519C67F432}.Release|Any CPU.ActiveCfg = Release|Win32
		{3C8FC0D5-8EEF-433F-A101-DB519C67F432}.Release|ARM.ActiveCfg = Release|ARM
		{3C8FC0D5-8EEF-433F-A101-DB519C67F432}.Release|ARM.Build.0 = Release|ARM
		{3C8FC0D5-8EEF-433F-A101-DB519C67F432}.Release|ARM.Deploy.0 = Release|ARM
		{3C8FC0D5-8EEF-433F-A101-DB519C67F432}.Release|x64.ActiveCfg = Release|x64
		{3C8FC0D5-8EEF-433F-A101-DB519C67F432}.Release|x64.Build.0 = Release|x64
		{3C8FC0D5-8EEF-433F-A101-DB519C67F432}.Release|x64.Deploy.0 = Release|x64
		{3C8FC0D5-8EEF-433F-A101-DB519C67F432}.Release|x86.ActiveCfg = Release|Win32
		{3C8FC0D5-8EEF-433F-A101-DB519C67F432}.Release|x86.Build.0 = Release|Win32
		{3C8FC0D5-8EEF-433F-A101-DB519C67F432}.Release|x86.Deploy.0 = Release|Win32
		{53C1D67D-2952-405A-87A3-032D8D6AECAC}.Debug|Any CPU.ActiveCfg = Debug|Win32
		{53C1D67D-2952-405A-87A3-032D8D6AECAC}.Debug|ARM.ActiveCfg = Debug|ARM
		{53C1D67D-2952-405A-87A3-032D8D6AECAC}.Debug|ARM.Build.0 = Debug|ARM
		{53C1D67D-2952-405A-87A3-032D8D6AECAC}.Debug|ARM.Deploy.0 = Debug|ARM
		{53C1D67D-2952-405A-87A3-032D8D6AECAC}.Debug|x64.ActiveCfg = Debug|x64
		{53C1D67D-2952-405A-87A3-032D8D6AECAC}.Debug|x64.Build.0 = Debug|x64
		{53C1D67D-2952-405A-87A3-032D8D6AECAC}.Debug|x64.Deploy.0 = Debug|x64
		{53C1D67D-2952-405A-87A3-032D8D6AECAC}.Debug|x86.ActiveCfg = Debug|Win32
		{53C1D67D-2952-405A-87A3-032D8D6AECAC}.Debug|x86.Build.0 = Debug|Win32
		{53C1D67D-2952-405A-87A3-032D8D6AECAC}.Debug|x86.Deploy.0 = Debug|Win32
		{53C1D67D-2952-405A-87A3-032D8D6AECAC}.Release|Any CPU.ActiveCfg = Release|Win32
		{53C1D67D-2952-405A-87A3-032D8D6AECAC}.Release|ARM.ActiveCfg = Release|ARM
		{53C1D67D-2952-405A-87A3-032D8D6AECAC}.Release|ARM.Build.0 = Release|ARM
		{53C1D67D-2952-405A-87A3-032D8D6AECAC}.Release|ARM.Deploy.0 = Release|ARM
		{53C1D67D-2952-405A-87A3-032D8D6AECAC}.Release|x64.ActiveCfg = Release|x64
		{53C1D67D-2952-405A-87A3-032D8D6AECAC}.Release|x64.Build.0 = Release|x64
		{53C1D67D-2952-405A-87A3-032D8D6AECAC}.Release|x64.Deploy.0 = Release|x64
		{53C1D67D-2952-405A-87A3-032D8D6AECAC}.Release|x86.ActiveCfg = Release|Win32
		{53C1D67D-2952-405A-87A3-032D8D6AECAC}.Release|x86.Build.0 = Release|Win32
		{53C1D67D-2952-405A-87A3-032D8D6AECAC}.Release|x86.Deploy.0 = Release|Win32
		{21D65906-6BF3-42AF-9DB3-8AF83034BBBD}.Debug|Any CPU.ActiveCfg = Debug|Win32
		{21D65906-6BF3-42AF-9DB3-8AF83034BBBD}.Debug|ARM.ActiveCfg = Debug|ARM
		{21D65906-6BF3-42AF-9DB3-8AF83034BBBD}.Debug|ARM.Build.0 = Debug|ARM
		{21D65906-6BF3-42AF-9DB3-8AF83034BBBD}.Debug|ARM.Deploy.0 = Debug|ARM
		{21D65906-6BF3-42AF-9DB3-8AF83034BBBD}.Debug|x64.ActiveCfg = Debug|x64
		{21D65906-6BF3-42AF-9DB3-8AF83034BBBD}.Debug|x64.Build.0 = Debug|x64
		{21D65906-6BF3-42AF-9DB3-8AF83034BBBD}.Debug|x64.Deploy.0 = Debug|x64
		{21D65906-6BF3-42AF-9DB3-8AF83034BBBD}.Debug|x86.ActiveCfg = Debug|Win32
		{21D65906-6BF3-42AF-9DB3-8AF83034BBBD}.Debug|x86.Build.0 = Debug|Win32
		{21D65906-6BF3-42AF-9DB3-8AF83034BBBD}.Debug|x86.Deploy.0 = Debug|Win32
		{21D65906-6BF3-42AF-9DB3-8AF83034BBBD}.Release|Any CPU.ActiveCfg = Release|Win32
		{21D65906-6BF3-42AF-9DB3-8AF83034BBBD}.Release|ARM.ActiveCfg = Release|ARM
		{21D65906-6BF3-42AF-9DB3-8AF83034BBBD}.Release|ARM.Build.0 = Release|ARM
		{21D65906-6BF3-42AF-9DB3-8AF83034BBBD}.Release|ARM.Deploy.0 = Release|ARM
		{21D65906-6BF3-42AF-9DB3-8AF83034BBBD}.Release|x64.ActiveCfg = Release|x64
		{21D65906-6BF3-42AF-9DB3-8AF83034BBBD}.Release|x64.Build.0 = Release|x64
		{21D65906-6BF3-42AF-9DB3-8AF83034BBBD}.Release|x64.Deploy.0 = Release|x64
		{21D65906-6BF3-42AF-9DB3-8AF83034BBBD}.Release|x86.ActiveCfg = Release|Win32
		{21D65906-6BF3-42AF-9DB3-8AF83034BBBD}.Release|x86.Build.0 = Release|Win32
		{21D65906-6BF3-42AF-9DB3-8AF83034BBBD}.Release|x86.Deploy.0 = Release|Win32
		{DF0DBAF0-BB6F-4F7C-8C36-8712732DC0FE}.Debug|Any CPU.ActiveCfg = Debug|Win32
		{DF0DBAF0-BB6F-4F7C-8C36-8712732DC0FE}.Debug|ARM.ActiveCfg = Debug|ARM
		{DF0DBAF0-BB6F-4F7C-8C36-8712732DC0FE}.Debug|ARM.Build.0 = Debug|ARM
		{DF0DBAF0-BB6F-4F7C-8C36-8712732DC0FE}.Debug|ARM.Deploy.0 = Debug|ARM
		{DF0DBAF0-BB6F-4F7C-8C36-8712732DC0FE}.Debug|x64.ActiveCfg = Debug|x64
		{DF0DBAF0-BB6F-4F7C-8C36-8712732DC0FE}.Debug|x64.Build.0 = Debug|x64
		{DF0DBAF0-BB6F-4F7C-8C36-8712732DC0FE}.Debug|x64.Deploy.0 = Debug|x64
		{DF0DBAF0-BB6F-4F7C-8C36-8712732DC0FE}.Debug|x86.ActiveCfg = Debug|Win32
		{DF0DBAF0-BB6F-4F7C-8C36-8712732DC0FE}.Debug|x86.Build.0 = Debug|Win32
		{DF0DBAF0-BB6F-4F7C-8C36-8712732DC0FE}.Debug|x86.Deploy.0 = Debug|Win32
		{DF0DBAF0-BB6F-4F7C-8C36-8712732DC0FE}.Release|Any CPU.ActiveCfg = Release|Win32
		{DF0DBAF0-BB6F-4F7C-8C36-8712732DC0FE}.Release|ARM.ActiveCfg = Release|ARM
		{DF0DBAF0-BB6F-4F7C-8C36-8712732DC0FE}.Release|ARM.Build.0 = Release|ARM
		{DF0DBAF0-BB6F-4F7C-8C36-8712732DC0FE}.Release|ARM.Deploy.0 = Release|ARM
		{DF0DBAF0-BB6F-4F7C-8C36-8712732DC0FE}.Release|x64.ActiveCfg = Release|x64
		{DF0DBAF0-BB6F-4F7C-8C36-8712732DC0FE}.Release|x64.Build.0 = Release|x64
		{DF0DBAF0-BB6F-4F7C-8C36-8712732DC0FE}.Release|x64.Deploy.0 = Release|x64
		{DF0DBAF0-BB6F-4F7C-8C36-8712732DC0FE}.Release|x86.ActiveCfg = Release|Win32
		{DF0DBAF0-BB6F-4F7C-8C36-8712732DC0FE}.Release|x86.Build.0 = Release|Win32
		{DF0DBAF0-BB6F-4F7C-8C36-8712732DC0FE}.Release|x86.Deploy.0 = Release|Win32
		{9647DC68-A45E-46B9-8D7F-6ACBCD736603}.Debug|Any CPU.ActiveCfg = Debug|Win32
		{9647DC68-A45E-46B9-8D7F-6ACBCD736603}.Debug|ARM.ActiveCfg = Debug|ARM
		{9647DC68-A45E-46B9-8D7F-6ACBCD736603}.Debug|ARM.Build.0 = Debug|ARM
		{9647DC68-A45E-46B9-8D7F-6ACBCD736603}.Debug|ARM.Deploy.0 = Debug|ARM
		{9647DC68-A45E-46B9-8D7F-6ACBCD736603}.Debug|x64.ActiveCfg = Debug|x64
		{9647DC68-A45E-46B9-8D7F-6ACBCD736603}.Debug|x64.Build.0 = Debug|x64
		{9647DC68-A45E-46B9-8D7F-6ACBCD736603}.Debug|x64.Deploy.0 = Debug|x64
		{9647DC68-A45E-46B9-8D7F-6ACBCD736603}.Debug|x86.ActiveCfg = Debug|Win32
		{9647DC68-A45E-46B9-8D7F-6ACBCD736603}.Debug|x86.Build.0 = Debug|Win32
		{9647DC68-A45E-46B9-8D7F-6ACBCD736603}.Debug|x86.Deploy.0 = Debug|Win32
		{9647DC68-A45E-46B9-8D7F-6ACBCD736603}.Release|Any CPU.ActiveCfg = Release|Win32
		{9647DC68-A45E-46B9-8D7F-6ACBCD736603}.Release|ARM.ActiveCfg = Release|ARM
		{9647DC68-A45E-46B9-8D7F-6ACBCD736603}.Release|ARM.Build.0 = Release|ARM
		{9647DC68-A45E-46B9-8D7F-6ACBCD736603}.Release|ARM.Deploy.0 = Release|ARM
		{9647DC68-A45E-46B9-8D7F-6ACBCD736603}.Release|x64.ActiveCfg = Release|x64
		{9647DC68-A45E-46B9-8D7F-6ACBCD736603}.Release|x64.Build.0 = Release|x64
		{9647DC68-A45E-46B9-8D7F-6ACBCD736603}.Release|x64.Deploy.0 = Release|x64
		{9647DC68-A45E-46B9-8D7F-6ACBCD736603}.Release|x86.ActiveCfg = Release|Win32
		{9647DC68-A45E-46B9-8D7F-6ACBCD736603}.Release|x86.Build.0 = Release|Win32
		{9647DC68-A45E-46B9-8D7F-6ACBCD736603}.Release|x86.Deploy.0 = Release|Win32
		{E1A0B4EE-4523-49C6-AA5C-B98C1D9732FD}.Debug|Any CPU.ActiveCfg = Debug|Win32
		{E1A0B4EE-4523-49C6-AA5C-B98C1D9732FD}.Debug|ARM.ActiveCfg = Debug|ARM
		{E1A0B4EE-4523-49C6-AA5C-B98C1D9732FD}.Debug|ARM.Build.0 = Debug|ARM
		{E1A0B4EE-4523-49C6-AA5C-B98C1D9732FD}.Debug|ARM.Deploy.0 = Debug|ARM
		{E1A0B4EE-4523-49C6-AA5C-B98C1D9732FD}.Debug|x64.ActiveCfg = Debug|x64
		{E1A0B4EE-4523-49C6-AA5C-B98C1D9732FD}.Debug|x64.Build.0 = Debug|x64
		{E1A0B4EE-4523-49C6-AA5C-B98C1D9732FD}.Debug|x64.Deploy.0 = Debug|x64
		{E1A0B4EE-4523-49C6-AA5C-B98C1D9732FD}.Debug|x86.ActiveCfg = Debug|Win32
		{E1A0B4EE-4523-49C6-AA5C-B98C1D9732FD}.Debug|x86.Build.0 = Debug|Win32
		{E1A0B4EE-4523-49C6-AA5C-B98C1D9732FD}.Debug|x86.Deploy.0 = Debug|Win32
		{E1A0B4EE-4523-49C6-AA5C-B98C1D9732FD}.Release|Any CPU.ActiveCfg = Release|Win32
		{E1A0B4EE-4523-49C6-AA5C-B98C1D9732FD}.Release|ARM.ActiveCfg = Release|ARM
		{E1A0B4EE-4523-49C6-AA5C-B98C1D9732FD}.Release|ARM.Build.0 = Release|ARM
		{E1A0B4EE-4523-49C6-AA5C-B98C1D9732FD}.Release|ARM.Deploy.0 = Release|ARM
		{E1A0B4EE-4523-49C6-AA5C-B98C1D9732FD}.Release|x64.ActiveCfg = Release|x64
		{E1A0B4EE-4523-49C6-AA5C-B98C1D9732FD}.Release|x64.Build.0 = Release|x64
		{E1A0B4EE-4523-49C6-AA5C-B98C1D9732FD}.Release|x64.Deploy.0 = Release|x64
		{E1A0B4EE-4523-49C6-AA5C-B98C1D9732FD}.Release|x86.ActiveCfg = Release|Win32
		{E1A0B4EE-4523-49C6-AA5C-B98C1D9732FD}.Release|x86.Build.0 = Release|Win32
		{E1A0B4EE-4523-49C6-AA5C-B98C1D9732FD}.Release|x86.Deploy.0 = Release|Win32
		{8FB4442D-A612-42BD-926A-D675508E47BA}.Debug|Any CPU.ActiveCfg = Debug|Win32
		{8FB4442D-A612-42BD-926A-D675508E47BA}.Debug|ARM.ActiveCfg = Debug|ARM
		{8FB4442D-A612-42BD-926A-D675508E47BA}.Debug|ARM.Build.0 = Debug|ARM
		{8FB4442D-A612-42BD-926A-D675508E47BA}.Debug|ARM.Deploy.0 = Debug|ARM
		{8FB4442D-A612-42BD-926A-D675508E47BA}.Debug|x64.ActiveCfg = Debug|x64
		{8FB4442D-A612-42BD-926A-D675508E47BA}.Debug|x64.Build.0 = Debug|x64
		{8FB4442D-A612-42BD-926A-D675508E47BA}.Debug|x64.Deploy.0 = Debug|x64
		{8FB4442D-A612-42BD-926A-D675508E47BA}.Debug|x86.ActiveCfg = Debug|Win32
		{8FB4442D-A612-42BD-926A-D675508E47BA}.Debug|x86.Build.0 = Debug|Win32
		{8FB4442D-A612-42BD-926A-D675508E47BA}.Debug|x86.Deploy.0 = Debug|Win32
		{8FB4442D-A612-42BD-926A-D675508E47BA}.Release|Any CPU.ActiveCfg = Release|Win32
		{8FB4442D-A612-42BD-926A-D675508E47BA}.Release|ARM.ActiveCfg = Release|ARM
		{8FB4442D-A612-42BD-926A-D675508E47BA}.Release|ARM.Build.0 = Release|ARM
		{8FB4442D-A612-42BD-926A-D675508E47BA}.Release|ARM.Deploy.0 = Release|ARM
		{8FB4442D-A612-42BD-926A-D675508E47BA}.Release|x64.ActiveCfg = Release|x64
		{8FB4442D-A612-42BD-926A-D675508E47BA}.Release|x64.Build.0 = Release|x64
		{8FB4442D-A612-42BD-926A-D675508E47BA}.Release|x64.Deploy.0 = Release|x64
		{8FB4442D-A612-42BD-926A-D675508E47BA}.Release|x86.ActiveCfg = Release|Win32
		{8FB4442D-A612-42BD-926A-D675508E47BA}.Release|x86.Build.0 = Release|Win32
		{8FB4442D-A612-42BD-926A-D675508E47BA}.Release|x86.Deploy.0 = Release|Win32
	EndGlobalSection
	GlobalSection(SolutionProperties) = preSolution
		HideSolutionNode = FALSE
	EndGlobalSection
EndGlobal
